// !$*UTF8*$!
{
	archiveVersion = 1;
	classes = {
	};
	objectVersion = 50;
	objects = {

/* Begin PBXBuildFile section */
		5FB408F121A50AEE00077997 /* AppDelegate.swift in Sources */ = {isa = PBXBuildFile; fileRef = 5FB408F021A50AEE00077997 /* AppDelegate.swift */; };
		5FB408F321A50AEE00077997 /* ViewController.swift in Sources */ = {isa = PBXBuildFile; fileRef = 5FB408F221A50AEE00077997 /* ViewController.swift */; };
		5FB408F621A50AEE00077997 /* Main.storyboard in Resources */ = {isa = PBXBuildFile; fileRef = 5FB408F421A50AEE00077997 /* Main.storyboard */; };
		5FB408F821A50AEF00077997 /* Assets.xcassets in Resources */ = {isa = PBXBuildFile; fileRef = 5FB408F721A50AEF00077997 /* Assets.xcassets */; };
		5FB408FB21A50AEF00077997 /* LaunchScreen.storyboard in Resources */ = {isa = PBXBuildFile; fileRef = 5FB408F921A50AEF00077997 /* LaunchScreen.storyboard */; };
		5FB4090621A50AEF00077997 /* Test12Tests.swift in Sources */ = {isa = PBXBuildFile; fileRef = 5FB4090521A50AEF00077997 /* Test12Tests.swift */; };
		5FB4091121A50AEF00077997 /* Test12UITests.swift in Sources */ = {isa = PBXBuildFile; fileRef = 5FB4091021A50AEF00077997 /* Test12UITests.swift */; };
		5FB4092021A50BA600077997 /* Assets.xcassets in Resources */ = {isa = PBXBuildFile; fileRef = 5FB408F721A50AEF00077997 /* Assets.xcassets */; };
/* End PBXBuildFile section */

/* Begin PBXContainerItemProxy section */
		5FB4090221A50AEF00077997 /* PBXContainerItemProxy */ = {
			isa = PBXContainerItemProxy;
			containerPortal = 5FB408E521A50AEE00077997 /* Project object */;
			proxyType = 1;
			remoteGlobalIDString = 5FB408EC21A50AEE00077997;
			remoteInfo = Test12;
		};
		5FB4090D21A50AEF00077997 /* PBXContainerItemProxy */ = {
			isa = PBXContainerItemProxy;
			containerPortal = 5FB408E521A50AEE00077997 /* Project object */;
			proxyType = 1;
			remoteGlobalIDString = 5FB408EC21A50AEE00077997;
			remoteInfo = Test12;
		};
/* End PBXContainerItemProxy section */

/* Begin PBXFileReference section */
		5FB408ED21A50AEE00077997 /* Test12.app */ = {isa = PBXFileReference; explicitFileType = wrapper.application; includeInIndex = 0; path = Test12.app; sourceTree = BUILT_PRODUCTS_DIR; };
		5FB408F021A50AEE00077997 /* AppDelegate.swift */ = {isa = PBXFileReference; lastKnownFileType = sourcecode.swift; path = AppDelegate.swift; sourceTree = "<group>"; };
		5FB408F221A50AEE00077997 /* ViewController.swift */ = {isa = PBXFileReference; lastKnownFileType = sourcecode.swift; path = ViewController.swift; sourceTree = "<group>"; };
		5FB408F521A50AEE00077997 /* Base */ = {isa = PBXFileReference; lastKnownFileType = file.storyboard; name = Base; path = Base.lproj/Main.storyboard; sourceTree = "<group>"; };
		5FB408F721A50AEF00077997 /* Assets.xcassets */ = {isa = PBXFileReference; lastKnownFileType = folder.assetcatalog; path = Assets.xcassets; sourceTree = "<group>"; };
		5FB408FA21A50AEF00077997 /* Base */ = {isa = PBXFileReference; lastKnownFileType = file.storyboard; name = Base; path = Base.lproj/LaunchScreen.storyboard; sourceTree = "<group>"; };
		5FB408FC21A50AEF00077997 /* Info.plist */ = {isa = PBXFileReference; lastKnownFileType = text.plist.xml; path = Info.plist; sourceTree = "<group>"; };
		5FB4090121A50AEF00077997 /* Test12Tests.xctest */ = {isa = PBXFileReference; explicitFileType = wrapper.cfbundle; includeInIndex = 0; path = Test12Tests.xctest; sourceTree = BUILT_PRODUCTS_DIR; };
		5FB4090521A50AEF00077997 /* Test12Tests.swift */ = {isa = PBXFileReference; lastKnownFileType = sourcecode.swift; path = Test12Tests.swift; sourceTree = "<group>"; };
		5FB4090721A50AEF00077997 /* Info.plist */ = {isa = PBXFileReference; lastKnownFileType = text.plist.xml; path = Info.plist; sourceTree = "<group>"; };
		5FB4090C21A50AEF00077997 /* Test12UITests.xctest */ = {isa = PBXFileReference; explicitFileType = wrapper.cfbundle; includeInIndex = 0; path = Test12UITests.xctest; sourceTree = BUILT_PRODUCTS_DIR; };
		5FB4091021A50AEF00077997 /* Test12UITests.swift */ = {isa = PBXFileReference; lastKnownFileType = sourcecode.swift; path = Test12UITests.swift; sourceTree = "<group>"; };
		5FB4091221A50AEF00077997 /* Info.plist */ = {isa = PBXFileReference; lastKnownFileType = text.plist.xml; path = Info.plist; sourceTree = "<group>"; };
/* End PBXFileReference section */

/* Begin PBXFrameworksBuildPhase section */
		5FB408EA21A50AEE00077997 /* Frameworks */ = {
			isa = PBXFrameworksBuildPhase;
			buildActionMask = 2147483647;
			files = (
			);
			runOnlyForDeploymentPostprocessing = 0;
		};
		5FB408FE21A50AEF00077997 /* Frameworks */ = {
			isa = PBXFrameworksBuildPhase;
			buildActionMask = 2147483647;
			files = (
			);
			runOnlyForDeploymentPostprocessing = 0;
		};
		5FB4090921A50AEF00077997 /* Frameworks */ = {
			isa = PBXFrameworksBuildPhase;
			buildActionMask = 2147483647;
			files = (
			);
			runOnlyForDeploymentPostprocessing = 0;
		};
/* End PBXFrameworksBuildPhase section */

/* Begin PBXGroup section */
		5FB408E421A50AEE00077997 = {
			isa = PBXGroup;
			children = (
				5FB408EF21A50AEE00077997 /* Test12 */,
				5FB4090421A50AEF00077997 /* Test12Tests */,
				5FB4090F21A50AEF00077997 /* Test12UITests */,
				5FB408EE21A50AEE00077997 /* Products */,
			);
			sourceTree = "<group>";
		};
		5FB408EE21A50AEE00077997 /* Products */ = {
			isa = PBXGroup;
			children = (
				5FB408ED21A50AEE00077997 /* Test12.app */,
				5FB4090121A50AEF00077997 /* Test12Tests.xctest */,
				5FB4090C21A50AEF00077997 /* Test12UITests.xctest */,
			);
			name = Products;
			sourceTree = "<group>";
		};
		5FB408EF21A50AEE00077997 /* Test12 */ = {
			isa = PBXGroup;
			children = (
				5FB408F021A50AEE00077997 /* AppDelegate.swift */,
				5FB408F221A50AEE00077997 /* ViewController.swift */,
				5FB408F421A50AEE00077997 /* Main.storyboard */,
				5FB408F721A50AEF00077997 /* Assets.xcassets */,
				5FB408F921A50AEF00077997 /* LaunchScreen.storyboard */,
				5FB408FC21A50AEF00077997 /* Info.plist */,
			);
			path = Test12;
			sourceTree = "<group>";
		};
		5FB4090421A50AEF00077997 /* Test12Tests */ = {
			isa = PBXGroup;
			children = (
				5FB4090521A50AEF00077997 /* Test12Tests.swift */,
				5FB4090721A50AEF00077997 /* Info.plist */,
			);
			path = Test12Tests;
			sourceTree = "<group>";
		};
		5FB4090F21A50AEF00077997 /* Test12UITests */ = {
			isa = PBXGroup;
			children = (
				5FB4091021A50AEF00077997 /* Test12UITests.swift */,
				5FB4091221A50AEF00077997 /* Info.plist */,
			);
			path = Test12UITests;
			sourceTree = "<group>";
		};
/* End PBXGroup section */

/* Begin PBXNativeTarget section */
		5FB408EC21A50AEE00077997 /* Test12 */ = {
			isa = PBXNativeTarget;
			buildConfigurationList = 5FB4091521A50AEF00077997 /* Build configuration list for PBXNativeTarget "Test12" */;
			buildPhases = (
				5FB408E921A50AEE00077997 /* Sources */,
				5FB408EA21A50AEE00077997 /* Frameworks */,
				5FB408EB21A50AEE00077997 /* Resources */,
			);
			buildRules = (
			);
			dependencies = (
			);
			name = Test12;
			productName = Test12;
			productReference = 5FB408ED21A50AEE00077997 /* Test12.app */;
			productType = "com.apple.product-type.application";
		};
		5FB4090021A50AEF00077997 /* Test12Tests */ = {
			isa = PBXNativeTarget;
			buildConfigurationList = 5FB4091821A50AEF00077997 /* Build configuration list for PBXNativeTarget "Test12Tests" */;
			buildPhases = (
				5FB408FD21A50AEF00077997 /* Sources */,
				5FB408FE21A50AEF00077997 /* Frameworks */,
				5FB408FF21A50AEF00077997 /* Resources */,
			);
			buildRules = (
			);
			dependencies = (
				5FB4090321A50AEF00077997 /* PBXTargetDependency */,
			);
			name = Test12Tests;
			productName = Test12Tests;
			productReference = 5FB4090121A50AEF00077997 /* Test12Tests.xctest */;
			productType = "com.apple.product-type.bundle.unit-test";
		};
		5FB4090B21A50AEF00077997 /* Test12UITests */ = {
			isa = PBXNativeTarget;
			buildConfigurationList = 5FB4091B21A50AEF00077997 /* Build configuration list for PBXNativeTarget "Test12UITests" */;
			buildPhases = (
				5FB4090821A50AEF00077997 /* Sources */,
				5FB4090921A50AEF00077997 /* Frameworks */,
				5FB4090A21A50AEF00077997 /* Resources */,
			);
			buildRules = (
			);
			dependencies = (
				5FB4090E21A50AEF00077997 /* PBXTargetDependency */,
			);
			name = Test12UITests;
			productName = Test12UITests;
			productReference = 5FB4090C21A50AEF00077997 /* Test12UITests.xctest */;
			productType = "com.apple.product-type.bundle.ui-testing";
		};
/* End PBXNativeTarget section */

/* Begin PBXProject section */
		5FB408E521A50AEE00077997 /* Project object */ = {
			isa = PBXProject;
			attributes = {
				LastSwiftUpdateCheck = 1010;
				LastUpgradeCheck = 1010;
				ORGANIZATIONNAME = 20161104615;
				TargetAttributes = {
					5FB408EC21A50AEE00077997 = {
						CreatedOnToolsVersion = 10.1;
					};
					5FB4090021A50AEF00077997 = {
						CreatedOnToolsVersion = 10.1;
						TestTargetID = 5FB408EC21A50AEE00077997;
					};
					5FB4090B21A50AEF00077997 = {
						CreatedOnToolsVersion = 10.1;
						TestTargetID = 5FB408EC21A50AEE00077997;
					};
				};
			};
			buildConfigurationList = 5FB408E821A50AEE00077997 /* Build configuration list for PBXProject "Test12" */;
			compatibilityVersion = "Xcode 9.3";
			developmentRegion = en;
			hasScannedForEncodings = 0;
			knownRegions = (
				en,
				Base,
			);
			mainGroup = 5FB408E421A50AEE00077997;
			productRefGroup = 5FB408EE21A50AEE00077997 /* Products */;
			projectDirPath = "";
			projectRoot = "";
			targets = (
				5FB408EC21A50AEE00077997 /* Test12 */,
				5FB4090021A50AEF00077997 /* Test12Tests */,
				5FB4090B21A50AEF00077997 /* Test12UITests */,
			);
		};
/* End PBXProject section */

/* Begin PBXResourcesBuildPhase section */
		5FB408EB21A50AEE00077997 /* Resources */ = {
			isa = PBXResourcesBuildPhase;
			buildActionMask = 2147483647;
			files = (
				5FB408FB21A50AEF00077997 /* LaunchScreen.storyboard in Resources */,
				5FB408F821A50AEF00077997 /* Assets.xcassets in Resources */,
				5FB408F621A50AEE00077997 /* Main.storyboard in Resources */,
			);
			runOnlyForDeploymentPostprocessing = 0;
		};
		5FB408FF21A50AEF00077997 /* Resources */ = {
			isa = PBXResourcesBuildPhase;
			buildActionMask = 2147483647;
			files = (
				5FB4092021A50BA600077997 /* Assets.xcassets in Resources */,
			);
			runOnlyForDeploymentPostprocessing = 0;
		};
		5FB4090A21A50AEF00077997 /* Resources */ = {
			isa = PBXResourcesBuildPhase;
			buildActionMask = 2147483647;
			files = (
			);
			runOnlyForDeploymentPostprocessing = 0;
		};
/* End PBXResourcesBuildPhase section */

/* Begin PBXSourcesBuildPhase section */
		5FB408E921A50AEE00077997 /* Sources */ = {
			isa = PBXSourcesBuildPhase;
			buildActionMask = 2147483647;
			files = (
				5FB408F321A50AEE00077997 /* ViewController.swift in Sources */,
				5FB408F121A50AEE00077997 /* AppDelegate.swift in Sources */,
			);
			runOnlyForDeploymentPostprocessing = 0;
		};
		5FB408FD21A50AEF00077997 /* Sources */ = {
			isa = PBXSourcesBuildPhase;
			buildActionMask = 2147483647;
			files = (
				5FB4090621A50AEF00077997 /* Test12Tests.swift in Sources */,
			);
			runOnlyForDeploymentPostprocessing = 0;
		};
		5FB4090821A50AEF00077997 /* Sources */ = {
			isa = PBXSourcesBuildPhase;
			buildActionMask = 2147483647;
			files = (
				5FB4091121A50AEF00077997 /* Test12UITests.swift in Sources */,
			);
			runOnlyForDeploymentPostprocessing = 0;
		};
/* End PBXSourcesBuildPhase section */

/* Begin PBXTargetDependency section */
		5FB4090321A50AEF00077997 /* PBXTargetDependency */ = {
			isa = PBXTargetDependency;
			target = 5FB408EC21A50AEE00077997 /* Test12 */;
			targetProxy = 5FB4090221A50AEF00077997 /* PBXContainerItemProxy */;
		};
		5FB4090E21A50AEF00077997 /* PBXTargetDependency */ = {
			isa = PBXTargetDependency;
			target = 5FB408EC21A50AEE00077997 /* Test12 */;
			targetProxy = 5FB4090D21A50AEF00077997 /* PBXContainerItemProxy */;
		};
/* End PBXTargetDependency section */

/* Begin PBXVariantGroup section */
		5FB408F421A50AEE00077997 /* Main.storyboard */ = {
			isa = PBXVariantGroup;
			children = (
				5FB408F521A50AEE00077997 /* Base */,
			);
			name = Main.storyboard;
			sourceTree = "<group>";
		};
		5FB408F921A50AEF00077997 /* LaunchScreen.storyboard */ = {
			isa = PBXVariantGroup;
			children = (
				5FB408FA21A50AEF00077997 /* Base */,
			);
			name = LaunchScreen.storyboard;
			sourceTree = "<group>";
		};
/* End PBXVariantGroup section */

/* Begin XCBuildConfiguration section */
		5FB4091321A50AEF00077997 /* Debug */ = {
			isa = XCBuildConfiguration;
			buildSettings = {
				ALWAYS_SEARCH_USER_PATHS = NO;
				CLANG_ANALYZER_NONNULL = YES;
				CLANG_ANALYZER_NUMBER_OBJECT_CONVERSION = YES_AGGRESSIVE;
				CLANG_CXX_LANGUAGE_STANDARD = "gnu++14";
				CLANG_CXX_LIBRARY = "libc++";
				CLANG_ENABLE_MODULES = YES;
				CLANG_ENABLE_OBJC_ARC = YES;
				CLANG_ENABLE_OBJC_WEAK = YES;
				CLANG_WARN_BLOCK_CAPTURE_AUTORELEASING = YES;
				CLANG_WARN_BOOL_CONVERSION = YES;
				CLANG_WARN_COMMA = YES;
				CLANG_WARN_CONSTANT_CONVERSION = YES;
				CLANG_WARN_DEPRECATED_OBJC_IMPLEMENTATIONS = YES;
				CLANG_WARN_DIRECT_OBJC_ISA_USAGE = YES_ERROR;
				CLANG_WARN_DOCUMENTATION_COMMENTS = YES;
				CLANG_WARN_EMPTY_BODY = YES;
				CLANG_WARN_ENUM_CONVERSION = YES;
				CLANG_WARN_INFINITE_RECURSION = YES;
				CLANG_WARN_INT_CONVERSION = YES;
				CLANG_WARN_NON_LITERAL_NULL_CONVERSION = YES;
				CLANG_WARN_OBJC_IMPLICIT_RETAIN_SELF = YES;
				CLANG_WARN_OBJC_LITERAL_CONVERSION = YES;
				CLANG_WARN_OBJC_ROOT_CLASS = YES_ERROR;
				CLANG_WARN_RANGE_LOOP_ANALYSIS = YES;
				CLANG_WARN_STRICT_PROTOTYPES = YES;
				CLANG_WARN_SUSPICIOUS_MOVE = YES;
				CLANG_WARN_UNGUARDED_AVAILABILITY = YES_AGGRESSIVE;
				CLANG_WARN_UNREACHABLE_CODE = YES;
				CLANG_WARN__DUPLICATE_METHOD_MATCH = YES;
				CODE_SIGN_IDENTITY = "iPhone Developer";
				COPY_PHASE_STRIP = NO;
				DEBUG_INFORMATION_FORMAT = dwarf;
				ENABLE_STRICT_OBJC_MSGSEND = YES;
				ENABLE_TESTABILITY = YES;
				GCC_C_LANGUAGE_STANDARD = gnu11;
				GCC_DYNAMIC_NO_PIC = NO;
				GCC_NO_COMMON_BLOCKS = YES;
				GCC_OPTIMIZATION_LEVEL = 0;
				GCC_PREPROCESSOR_DEFINITIONS = (
					"DEBUG=1",
					"$(inherited)",
				);
				GCC_WARN_64_TO_32_BIT_CONVERSION = YES;
				GCC_WARN_ABOUT_RETURN_TYPE = YES_ERROR;
				GCC_WARN_UNDECLARED_SELECTOR = YES;
				GCC_WARN_UNINITIALIZED_AUTOS = YES_AGGRESSIVE;
				GCC_WARN_UNUSED_FUNCTION = YES;
				GCC_WARN_UNUSED_VARIABLE = YES;
				IPHONEOS_DEPLOYMENT_TARGET = 12.1;
				MTL_ENABLE_DEBUG_INFO = INCLUDE_SOURCE;
				MTL_FAST_MATH = YES;
				ONLY_ACTIVE_ARCH = YES;
				SDKROOT = iphoneos;
				SWIFT_ACTIVE_COMPILATION_CONDITIONS = DEBUG;
				SWIFT_OPTIMIZATION_LEVEL = "-Onone";
			};
			name = Debug;
		};
		5FB4091421A50AEF00077997 /* Release */ = {
			isa = XCBuildConfiguration;
			buildSettings = {
				ALWAYS_SEARCH_USER_PATHS = NO;
				CLANG_ANALYZER_NONNULL = YES;
				CLANG_ANALYZER_NUMBER_OBJECT_CONVERSION = YES_AGGRESSIVE;
				CLANG_CXX_LANGUAGE_STANDARD = "gnu++14";
				CLANG_CXX_LIBRARY = "libc++";
				CLANG_ENABLE_MODULES = YES;
				CLANG_ENABLE_OBJC_ARC = YES;
				CLANG_ENABLE_OBJC_WEAK = YES;
				CLANG_WARN_BLOCK_CAPTURE_AUTORELEASING = YES;
				CLANG_WARN_BOOL_CONVERSION = YES;
				CLANG_WARN_COMMA = YES;
				CLANG_WARN_CONSTANT_CONVERSION = YES;
				CLANG_WARN_DEPRECATED_OBJC_IMPLEMENTATIONS = YES;
				CLANG_WARN_DIRECT_OBJC_ISA_USAGE = YES_ERROR;
				CLANG_WARN_DOCUMENTATION_COMMENTS = YES;
				CLANG_WARN_EMPTY_BODY = YES;
				CLANG_WARN_ENUM_CONVERSION = YES;
				CLANG_WARN_INFINITE_RECURSION = YES;
				CLANG_WARN_INT_CONVERSION = YES;
				CLANG_WARN_NON_LITERAL_NULL_CONVERSION = YES;
				CLANG_WARN_OBJC_IMPLICIT_RETAIN_SELF = YES;
				CLANG_WARN_OBJC_LITERAL_CONVERSION = YES;
				CLANG_WARN_OBJC_ROOT_CLASS = YES_ERROR;
				CLANG_WARN_RANGE_LOOP_ANALYSIS = YES;
				CLANG_WARN_STRICT_PROTOTYPES = YES;
				CLANG_WARN_SUSPICIOUS_MOVE = YES;
				CLANG_WARN_UNGUARDED_AVAILABILITY = YES_AGGRESSIVE;
				CLANG_WARN_UNREACHABLE_CODE = YES;
				CLANG_WARN__DUPLICATE_METHOD_MATCH = YES;
				CODE_SIGN_IDENTITY = "iPhone Developer";
				COPY_PHASE_STRIP = NO;
				DEBUG_INFORMATION_FORMAT = "dwarf-with-dsym";
				ENABLE_NS_ASSERTIONS = NO;
				ENABLE_STRICT_OBJC_MSGSEND = YES;
				GCC_C_LANGUAGE_STANDARD = gnu11;
				GCC_NO_COMMON_BLOCKS = YES;
				GCC_WARN_64_TO_32_BIT_CONVERSION = YES;
				GCC_WARN_ABOUT_RETURN_TYPE = YES_ERROR;
				GCC_WARN_UNDECLARED_SELECTOR = YES;
				GCC_WARN_UNINITIALIZED_AUTOS = YES_AGGRESSIVE;
				GCC_WARN_UNUSED_FUNCTION = YES;
				GCC_WARN_UNUSED_VARIABLE = YES;
				IPHONEOS_DEPLOYMENT_TARGET = 12.1;
				MTL_ENABLE_DEBUG_INFO = NO;
				MTL_FAST_MATH = YES;
				SDKROOT = iphoneos;
				SWIFT_COMPILATION_MODE = wholemodule;
				SWIFT_OPTIMIZATION_LEVEL = "-O";
				VALIDATE_PRODUCT = YES;
			};
			name = Release;
		};
		5FB4091621A50AEF00077997 /* Debug */ = {
			isa = XCBuildConfiguration;
			buildSettings = {
				ASSETCATALOG_COMPILER_APPICON_NAME = AppIcon;
				CODE_SIGN_STYLE = Automatic;
				INFOPLIST_FILE = Test12/Info.plist;
				LD_RUNPATH_SEARCH_PATHS = (
					"$(inherited)",
					"@executable_path/Frameworks",
				);
				PRODUCT_BUNDLE_IDENTIFIER = IMNU.Test12;
				PRODUCT_NAME = "$(TARGET_NAME)";
				SWIFT_VERSION = 4.2;
				TARGETED_DEVICE_FAMILY = "1,2";
			};
			name = Debug;
		};
		5FB4091721A50AEF00077997 /* Release */ = {
			isa = XCBuildConfiguration;
			buildSettings = {
				ASSETCATALOG_COMPILER_APPICON_NAME = AppIcon;
				CODE_SIGN_STYLE = Automatic;
				INFOPLIST_FILE = Test12/Info.plist;
				LD_RUNPATH_SEARCH_PATHS = (
					"$(inherited)",
					"@executable_path/Frameworks",
				);
				PRODUCT_BUNDLE_IDENTIFIER = IMNU.Test12;
				PRODUCT_NAME = "$(TARGET_NAME)";
				SWIFT_VERSION = 4.2;
				TARGETED_DEVICE_FAMILY = "1,2";
			};
			name = Release;
		};
		5FB4091921A50AEF00077997 /* Debug */ = {
			isa = XCBuildConfiguration;
			buildSettings = {
				ALWAYS_EMBED_SWIFT_STANDARD_LIBRARIES = YES;
				BUNDLE_LOADER = "$(TEST_HOST)";
				CODE_SIGN_STYLE = Automatic;
				INFOPLIST_FILE = Test12Tests/Info.plist;
				LD_RUNPATH_SEARCH_PATHS = (
					"$(inherited)",
					"@executable_path/Frameworks",
					"@loader_path/Frameworks",
				);
				PRODUCT_BUNDLE_IDENTIFIER = IMNU.Test12Tests;
				PRODUCT_NAME = "$(TARGET_NAME)";
				SWIFT_VERSION = 4.2;
				TARGETED_DEVICE_FAMILY = "1,2";
				TEST_HOST = "$(BUILT_PRODUCTS_DIR)/Test12.app/Test12";
			};
			name = Debug;
		};
		5FB4091A21A50AEF00077997 /* Release */ = {
			isa = XCBuildConfiguration;
			buildSettings = {
				ALWAYS_EMBED_SWIFT_STANDARD_LIBRARIES = YES;
				BUNDLE_LOADER = "$(TEST_HOST)";
				CODE_SIGN_STYLE = Automatic;
				INFOPLIST_FILE = Test12Tests/Info.plist;
				LD_RUNPATH_SEARCH_PATHS = (
					"$(inherited)",
					"@executable_path/Frameworks",
					"@loader_path/Frameworks",
				);
				PRODUCT_BUNDLE_IDENTIFIER = IMNU.Test12Tests;
				PRODUCT_NAME = "$(TARGET_NAME)";
				SWIFT_VERSION = 4.2;
				TARGETED_DEVICE_FAMILY = "1,2";
				TEST_HOST = "$(BUILT_PRODUCTS_DIR)/Test12.app/Test12";
			};
			name = Release;
		};
		5FB4091C21A50AEF00077997 /* Debug */ = {
			isa = XCBuildConfiguration;
			buildSettings = {
				ALWAYS_EMBED_SWIFT_STANDARD_LIBRARIES = YES;
				CODE_SIGN_STYLE = Automatic;
				INFOPLIST_FILE = Test12UITests/Info.plist;
				LD_RUNPATH_SEARCH_PATHS = (
					"$(inherited)",
					"@executable_path/Frameworks",
					"@loader_path/Frameworks",
				);
				PRODUCT_BUNDLE_IDENTIFIER = IMNU.Test12UITests;
				PRODUCT_NAME = "$(TARGET_NAME)";
				SWIFT_VERSION = 4.2;
				TARGETED_DEVICE_FAMILY = "1,2";
				TEST_TARGET_NAME = Test12;
			};
			name = Debug;
		};
		5FB4091D21A50AEF00077997 /* Release */ = {
			isa = XCBuildConfiguration;
			buildSettings = {
				ALWAYS_EMBED_SWIFT_STANDARD_LIBRARIES = YES;
				CODE_SIGN_STYLE = Automatic;
				INFOPLIST_FILE = Test12UITests/Info.plist;
				LD_RUNPATH_SEARCH_PATHS = (
					"$(inherited)",
					"@executable_path/Frameworks",
					"@loader_path/Frameworks",
				);
				PRODUCT_BUNDLE_IDENTIFIER = IMNU.Test12UITests;
				PRODUCT_NAME = "$(TARGET_NAME)";
				SWIFT_VERSION = 4.2;
				TARGETED_DEVICE_FAMILY = "1,2";
				TEST_TARGET_NAME = Test12;
			};
			name = Release;
		};
/* End XCBuildConfiguration section */

/* Begin XCConfigurationList section */
		5FB408E821A50AEE00077997 /* Build configuration list for PBXProject "Test12" */ = {
			isa = XCConfigurationList;
			buildConfigurations = (
				5FB4091321A50AEF00077997 /* Debug */,
				5FB4091421A50AEF00077997 /* Release */,
			);
			defaultConfigurationIsVisible = 0;
			defaultConfigurationName = Release;
		};
		5FB4091521A50AEF00077997 /* Build configuration list for PBXNativeTarget "Test12" */ = {
			isa = XCConfigurationList;
			buildConfigurations = (
				5FB4091621A50AEF00077997 /* Debug */,
				5FB4091721A50AEF00077997 /* Release */,
			);
			defaultConfigurationIsVisible = 0;
			defaultConfigurationName = Release;
		};
		5FB4091821A50AEF00077997 /* Build configuration list for PBXNativeTarget "Test12Tests" */ = {
			isa = XCConfigurationList;
			buildConfigurations = (
				5FB4091921A50AEF00077997 /* Debug */,
				5FB4091A21A50AEF00077997 /* Release */,
			);
			defaultConfigurationIsVisible = 0;
			defaultConfigurationName = Release;
		};
		5FB4091B21A50AEF00077997 /* Build configuration list for PBXNativeTarget "Test12UITests" */ = {
			isa = XCConfigurationList;
			buildConfigurations = (
				5FB4091C21A50AEF00077997 /* Debug */,
				5FB4091D21A50AEF00077997 /* Release */,
			);
			defaultConfigurationIsVisible = 0;
			defaultConfigurationName = Release;
		};
/* End XCConfigurationList section */
	};
	rootObject = 5FB408E521A50AEE00077997 /* Project object */;
}
